
Microsoft Visual Studio Solution File, Format Version 12.00
# Visual Studio Version 17
VisualStudioVersion = 17.4.33213.308
MinimumVisualStudioVersion = 10.0.40219.1
Project("{FAE04EC0-301F-11D3-BF4B-00C04F79EFBC}") = "Laboratorio05.Android", "Laboratorio05\Laboratorio05.Android\Laboratorio05.Android.csproj", "{70315A6B-247F-4CB6-9EC8-02224D19C41D}"
EndProject
Project("{FAE04EC0-301F-11D3-BF4B-00C04F79EFBC}") = "Laboratorio05.iOS", "Laboratorio05\Laboratorio05.iOS\Laboratorio05.iOS.csproj", "{138089C3-4CE4-4C34-B074-06E628EEB4EE}"
EndProject
Project("{FAE04EC0-301F-11D3-BF4B-00C04F79EFBC}") = "Laboratorio05", "Laboratorio05\Laboratorio05\Laboratorio05.csproj", "{0955606C-EFA5-4C9B-8800-B9C1AFD506B4}"
EndProject
Global
	GlobalSection(SolutionConfigurationPlatforms) = preSolution
		Debug|Any CPU = Debug|Any CPU
		Debug|iPhone = Debug|iPhone
		Debug|iPhoneSimulator = Debug|iPhoneSimulator
		Release|Any CPU = Release|Any CPU
		Release|iPhone = Release|iPhone
		Release|iPhoneSimulator = Release|iPhoneSimulator
	EndGlobalSection
	GlobalSection(ProjectConfigurationPlatforms) = postSolution
		{70315A6B-247F-4CB6-9EC8-02224D19C41D}.Debug|Any CPU.ActiveCfg = Debug|Any CPU
		{70315A6B-247F-4CB6-9EC8-02224D19C41D}.Debug|Any CPU.Build.0 = Debug|Any CPU
		{70315A6B-247F-4CB6-9EC8-02224D19C41D}.Debug|Any CPU.Deploy.0 = Debug|Any CPU
		{70315A6B-247F-4CB6-9EC8-02224D19C41D}.Debug|iPhone.ActiveCfg = Debug|Any CPU
		{70315A6B-247F-4CB6-9EC8-02224D19C41D}.Debug|iPhone.Build.0 = Debug|Any CPU
		{70315A6B-247F-4CB6-9EC8-02224D19C41D}.Debug|iPhone.Deploy.0 = Debug|Any CPU
		{70315A6B-247F-4CB6-9EC8-02224D19C41D}.Debug|iPhoneSimulator.ActiveCfg = Debug|Any CPU
		{70315A6B-247F-4CB6-9EC8-02224D19C41D}.Debug|iPhoneSimulator.Build.0 = Debug|Any CPU
		{70315A6B-247F-4CB6-9EC8-02224D19C41D}.Debug|iPhoneSimulator.Deploy.0 = Debug|Any CPU
		{70315A6B-247F-4CB6-9EC8-02224D19C41D}.Release|Any CPU.ActiveCfg = Release|Any CPU
		{70315A6B-247F-4CB6-9EC8-02224D19C41D}.Release|Any CPU.Build.0 = Release|Any CPU
		{70315A6B-247F-4CB6-9EC8-02224D19C41D}.Release|Any CPU.Deploy.0 = Release|Any CPU
		{70315A6B-247F-4CB6-9EC8-02224D19C41D}.Release|iPhone.ActiveCfg = Release|Any CPU
		{70315A6B-247F-4CB6-9EC8-02224D19C41D}.Release|iPhone.Build.0 = Release|Any CPU
		{70315A6B-247F-4CB6-9EC8-02224D19C41D}.Release|iPhone.Deploy.0 = Release|Any CPU
		{70315A6B-247F-4CB6-9EC8-02224D19C41D}.Release|iPhoneSimulator.ActiveCfg = Release|Any CPU
		{70315A6B-247F-4CB6-9EC8-02224D19C41D}.Release|iPhoneSimulator.Build.0 = Release|Any CPU
		{70315A6B-247F-4CB6-9EC8-02224D19C41D}.Release|iPhoneSimulator.Deploy.0 = Release|Any CPU
		{138089C3-4CE4-4C34-B074-06E628EEB4EE}.Debug|Any CPU.ActiveCfg = Debug|iPhone
		{138089C3-4CE4-4C34-B074-06E628EEB4EE}.Debug|Any CPU.Build.0 = Debug|iPhone
		{138089C3-4CE4-4C34-B074-06E628EEB4EE}.Debug|Any CPU.Deploy.0 = Debug|iPhone
		{138089C3-4CE4-4C34-B074-06E628EEB4EE}.Debug|iPhone.ActiveCfg = Debug|iPhone
		{138089C3-4CE4-4C34-B074-06E628EEB4EE}.Debug|iPhone.Build.0 = Debug|iPhone
		{138089C3-4CE4-4C34-B074-06E628EEB4EE}.Debug|iPhone.Deploy.0 = Debug|iPhone
		{138089C3-4CE4-4C34-B074-06E628EEB4EE}.Debug|iPhoneSimulator.ActiveCfg = Debug|iPhoneSimulator
		{138089C3-4CE4-4C34-B074-06E628EEB4EE}.Debug|iPhoneSimulator.Build.0 = Debug|iPhoneSimulator
		{138089C3-4CE4-4C34-B074-06E628EEB4EE}.Debug|iPhoneSimulator.Deploy.0 = Debug|iPhoneSimulator
		{138089C3-4CE4-4C34-B074-06E628EEB4EE}.Release|Any CPU.ActiveCfg = Release|iPhoneSimulator
		{138089C3-4CE4-4C34-B074-06E628EEB4EE}.Release|Any CPU.Build.0 = Release|iPhoneSimulator
		{138089C3-4CE4-4C34-B074-06E628EEB4EE}.Release|Any CPU.Deploy.0 = Release|iPhoneSimulator
		{138089C3-4CE4-4C34-B074-06E628EEB4EE}.Release|iPhone.ActiveCfg = Release|iPhone
		{138089C3-4CE4-4C34-B074-06E628EEB4EE}.Release|iPhone.Build.0 = Release|iPhone
		{138089C3-4CE4-4C34-B074-06E628EEB4EE}.Release|iPhone.Deploy.0 = Release|iPhone
		{138089C3-4CE4-4C34-B074-06E628EEB4EE}.Release|iPhoneSimulator.ActiveCfg = Release|iPhoneSimulator
		{138089C3-4CE4-4C34-B074-06E628EEB4EE}.Release|iPhoneSimulator.Build.0 = Release|iPhoneSimulator
		{138089C3-4CE4-4C34-B074-06E628EEB4EE}.Release|iPhoneSimulator.Deploy.0 = Release|iPhoneSimulator
		{0955606C-EFA5-4C9B-8800-B9C1AFD506B4}.Debug|Any CPU.ActiveCfg = Debug|Any CPU
		{0955606C-EFA5-4C9B-8800-B9C1AFD506B4}.Debug|Any CPU.Build.0 = Debug|Any CPU
		{0955606C-EFA5-4C9B-8800-B9C1AFD506B4}.Debug|Any CPU.Deploy.0 = Debug|Any CPU
		{0955606C-EFA5-4C9B-8800-B9C1AFD506B4}.Debug|iPhone.ActiveCfg = Debug|Any CPU
		{0955606C-EFA5-4C9B-8800-B9C1AFD506B4}.Debug|iPhone.Build.0 = Debug|Any CPU
		{0955606C-EFA5-4C9B-8800-B9C1AFD506B4}.Debug|iPhone.Deploy.0 = Debug|Any CPU
		{0955606C-EFA5-4C9B-8800-B9C1AFD506B4}.Debug|iPhoneSimulator.ActiveCfg = Debug|Any CPU
		{0955606C-EFA5-4C9B-8800-B9C1AFD506B4}.Debug|iPhoneSimulator.Build.0 = Debug|Any CPU
		{0955606C-EFA5-4C9B-8800-B9C1AFD506B4}.Debug|iPhoneSimulator.Deploy.0 = Debug|Any CPU
		{0955606C-EFA5-4C9B-8800-B9C1AFD506B4}.Release|Any CPU.ActiveCfg = Release|Any CPU
		{0955606C-EFA5-4C9B-8800-B9C1AFD506B4}.Release|Any CPU.Build.0 = Release|Any CPU
		{0955606C-EFA5-4C9B-8800-B9C1AFD506B4}.Release|Any CPU.Deploy.0 = Release|Any CPU
		{0955606C-EFA5-4C9B-8800-B9C1AFD506B4}.Release|iPhone.ActiveCfg = Release|Any CPU
		{0955606C-EFA5-4C9B-8800-B9C1AFD506B4}.Release|iPhone.Build.0 = Release|Any CPU
		{0955606C-EFA5-4C9B-8800-B9C1AFD506B4}.Release|iPhone.Deploy.0 = Release|Any CPU
		{0955606C-EFA5-4C9B-8800-B9C1AFD506B4}.Release|iPhoneSimulator.ActiveCfg = Release|Any CPU
		{0955606C-EFA5-4C9B-8800-B9C1AFD506B4}.Release|iPhoneSimulator.Build.0 = Release|Any CPU
		{0955606C-EFA5-4C9B-8800-B9C1AFD506B4}.Release|iPhoneSimulator.Deploy.0 = Release|Any CPU
	EndGlobalSection
	GlobalSection(SolutionProperties) = preSolution
		HideSolutionNode = FALSE
	EndGlobalSection
	GlobalSection(ExtensibilityGlobals) = postSolution
		SolutionGuid = {BA64D452-B94F-407B-B5F3-C275D3176E92}
	EndGlobalSection
EndGlobal
